
Microsoft Visual Studio Solution File, Format Version 12.00
# Visual Studio Version 17
VisualStudioVersion = 17.0.32126.317
MinimumVisualStudioVersion = 10.0.40219.1
Project("{FAE04EC0-301F-11D3-BF4B-00C04F79EFBC}") = "WoodseatsScouts.Coins.Tests", "WoodseatsScouts.Coins.Tests\WoodseatsScouts.Coins.Tests.csproj", "{F8B61405-BFA4-476B-8040-0DDBEF11BF94}"
EndProject
Project("{FAE04EC0-301F-11D3-BF4B-00C04F79EFBC}") = "WoodseatsScouts.Coins.App", "WoodseatsScouts.Coins.App\WoodseatsScouts.Coins.App.csproj", "{8ECFDB5E-FC4D-4AB2-AFD9-8DEC042D3ACE}"
EndProject
Global
	GlobalSection(SolutionConfigurationPlatforms) = preSolution
		Debug|Any CPU = Debug|Any CPU
		Release|Any CPU = Release|Any CPU
	EndGlobalSection
	GlobalSection(ProjectConfigurationPlatforms) = postSolution
		{F8B61405-BFA4-476B-8040-0DDBEF11BF94}.Debug|Any CPU.ActiveCfg = Debug|Any CPU
		{F8B61405-BFA4-476B-8040-0DDBEF11BF94}.Debug|Any CPU.Build.0 = Debug|Any CPU
		{F8B61405-BFA4-476B-8040-0DDBEF11BF94}.Release|Any CPU.ActiveCfg = Release|Any CPU
		{F8B61405-BFA4-476B-8040-0DDBEF11BF94}.Release|Any CPU.Build.0 = Release|Any CPU
		{8ECFDB5E-FC4D-4AB2-AFD9-8DEC042D3ACE}.Debug|Any CPU.ActiveCfg = Debug|Any CPU
		{8ECFDB5E-FC4D-4AB2-AFD9-8DEC042D3ACE}.Debug|Any CPU.Build.0 = Debug|Any CPU
		{8ECFDB5E-FC4D-4AB2-AFD9-8DEC042D3ACE}.Release|Any CPU.ActiveCfg = Release|Any CPU
		{8ECFDB5E-FC4D-4AB2-AFD9-8DEC042D3ACE}.Release|Any CPU.Build.0 = Release|Any CPU
	EndGlobalSection
	GlobalSection(SolutionProperties) = preSolution
		HideSolutionNode = FALSE
	EndGlobalSection
	GlobalSection(NestedProjects) = preSolution
	EndGlobalSection
	GlobalSection(ExtensibilityGlobals) = postSolution
		SolutionGuid = {C36727F3-8E04-4CA7-B0FB-AF84E275977B}
	EndGlobalSection
EndGlobal
