
Microsoft Visual Studio Solution File, Format Version 12.00
Project("{FAE04EC0-301F-11D3-BF4B-00C04F79EFBC}") = "WoodseatsScouts.Coins.App", "WoodseatsScouts.Coins.App\WoodseatsScouts.Coins.App.csproj", "{2AAE402B-F281-41C4-98E3-65C94EFE1887}"
EndProject
Project("{FAE04EC0-301F-11D3-BF4B-00C04F79EFBC}") = "WoodseatsScouts.Coins.Tests", "WoodseatsScouts.Coins.Tests\WoodseatsScouts.Coins.Tests.csproj", "{9446F256-25B7-4D4C-844C-00E93263A6F0}"
EndProject
Global
	GlobalSection(SolutionConfigurationPlatforms) = preSolution
		Debug|Any CPU = Debug|Any CPU
		Release|Any CPU = Release|Any CPU
	EndGlobalSection
	GlobalSection(ProjectConfigurationPlatforms) = postSolution
		{2AAE402B-F281-41C4-98E3-65C94EFE1887}.Debug|Any CPU.ActiveCfg = Debug|Any CPU
		{2AAE402B-F281-41C4-98E3-65C94EFE1887}.Debug|Any CPU.Build.0 = Debug|Any CPU
		{2AAE402B-F281-41C4-98E3-65C94EFE1887}.Release|Any CPU.ActiveCfg = Release|Any CPU
		{2AAE402B-F281-41C4-98E3-65C94EFE1887}.Release|Any CPU.Build.0 = Release|Any CPU
		{9446F256-25B7-4D4C-844C-00E93263A6F0}.Debug|Any CPU.ActiveCfg = Debug|Any CPU
		{9446F256-25B7-4D4C-844C-00E93263A6F0}.Debug|Any CPU.Build.0 = Debug|Any CPU
		{9446F256-25B7-4D4C-844C-00E93263A6F0}.Release|Any CPU.ActiveCfg = Release|Any CPU
		{9446F256-25B7-4D4C-844C-00E93263A6F0}.Release|Any CPU.Build.0 = Release|Any CPU
	EndGlobalSection
EndGlobal
