
Microsoft Visual Studio Solution File, Format Version 12.00
Project("{FAE04EC0-301F-11D3-BF4B-00C04F79EFBC}") = "WoodseatsScouts.QRCodes", "WoodseatsScouts.QRCodes\WoodseatsScouts.QRCodes.csproj", "{784B569D-2590-4F31-AE8F-EA98596855AE}"
EndProject
Global
	GlobalSection(SolutionConfigurationPlatforms) = preSolution
		Debug|Any CPU = Debug|Any CPU
		Release|Any CPU = Release|Any CPU
	EndGlobalSection
	GlobalSection(ProjectConfigurationPlatforms) = postSolution
		{784B569D-2590-4F31-AE8F-EA98596855AE}.Debug|Any CPU.ActiveCfg = Debug|Any CPU
		{784B569D-2590-4F31-AE8F-EA98596855AE}.Debug|Any CPU.Build.0 = Debug|Any CPU
		{784B569D-2590-4F31-AE8F-EA98596855AE}.Release|Any CPU.ActiveCfg = Release|Any CPU
		{784B569D-2590-4F31-AE8F-EA98596855AE}.Release|Any CPU.Build.0 = Release|Any CPU
	EndGlobalSection
EndGlobal
